
Microsoft Visual Studio Solution File, Format Version 12.00
# Visual Studio Version 17
VisualStudioVersion = 17.12.35527.113 d17.12
MinimumVisualStudioVersion = 10.0.40219.1
Project("{FAE04EC0-301F-11D3-BF4B-00C04F79EFBC}") = "Iteration", "Kurs C#\Iteration.csproj", "{280D009C-F2A4-476D-A83E-45B6D950A291}"
EndProject
Project("{FAE04EC0-301F-11D3-BF4B-00C04F79EFBC}") = "Date Parse", "Date Parse\Date Parse.csproj", "{13A516AA-091B-4806-81E1-7541D18ED50A}"
EndProject
Project("{FAE04EC0-301F-11D3-BF4B-00C04F79EFBC}") = "Inheritance", "Inheritance\Inheritance.csproj", "{86BDFA01-A10C-401E-9982-354040BDF5F6}"
EndProject
Project("{FAE04EC0-301F-11D3-BF4B-00C04F79EFBC}") = "Interface", "Interface\Interface.csproj", "{647C8874-4CCF-4AA6-93A9-64598D891C18}"
EndProject
Project("{FAE04EC0-301F-11D3-BF4B-00C04F79EFBC}") = "TaskManager", "TaskManager\TaskManager.csproj", "{EE405D67-562E-480A-A4E5-DC1B30A7B9EF}"
EndProject
Global
	GlobalSection(SolutionConfigurationPlatforms) = preSolution
		Debug|Any CPU = Debug|Any CPU
		Release|Any CPU = Release|Any CPU
	EndGlobalSection
	GlobalSection(ProjectConfigurationPlatforms) = postSolution
		{280D009C-F2A4-476D-A83E-45B6D950A291}.Debug|Any CPU.ActiveCfg = Debug|Any CPU
		{280D009C-F2A4-476D-A83E-45B6D950A291}.Debug|Any CPU.Build.0 = Debug|Any CPU
		{280D009C-F2A4-476D-A83E-45B6D950A291}.Release|Any CPU.ActiveCfg = Release|Any CPU
		{280D009C-F2A4-476D-A83E-45B6D950A291}.Release|Any CPU.Build.0 = Release|Any CPU
		{13A516AA-091B-4806-81E1-7541D18ED50A}.Debug|Any CPU.ActiveCfg = Debug|Any CPU
		{13A516AA-091B-4806-81E1-7541D18ED50A}.Debug|Any CPU.Build.0 = Debug|Any CPU
		{13A516AA-091B-4806-81E1-7541D18ED50A}.Release|Any CPU.ActiveCfg = Release|Any CPU
		{13A516AA-091B-4806-81E1-7541D18ED50A}.Release|Any CPU.Build.0 = Release|Any CPU
		{86BDFA01-A10C-401E-9982-354040BDF5F6}.Debug|Any CPU.ActiveCfg = Debug|Any CPU
		{86BDFA01-A10C-401E-9982-354040BDF5F6}.Debug|Any CPU.Build.0 = Debug|Any CPU
		{86BDFA01-A10C-401E-9982-354040BDF5F6}.Release|Any CPU.ActiveCfg = Release|Any CPU
		{86BDFA01-A10C-401E-9982-354040BDF5F6}.Release|Any CPU.Build.0 = Release|Any CPU
		{647C8874-4CCF-4AA6-93A9-64598D891C18}.Debug|Any CPU.ActiveCfg = Debug|Any CPU
		{647C8874-4CCF-4AA6-93A9-64598D891C18}.Debug|Any CPU.Build.0 = Debug|Any CPU
		{647C8874-4CCF-4AA6-93A9-64598D891C18}.Release|Any CPU.ActiveCfg = Release|Any CPU
		{647C8874-4CCF-4AA6-93A9-64598D891C18}.Release|Any CPU.Build.0 = Release|Any CPU
		{EE405D67-562E-480A-A4E5-DC1B30A7B9EF}.Debug|Any CPU.ActiveCfg = Debug|Any CPU
		{EE405D67-562E-480A-A4E5-DC1B30A7B9EF}.Debug|Any CPU.Build.0 = Debug|Any CPU
		{EE405D67-562E-480A-A4E5-DC1B30A7B9EF}.Release|Any CPU.ActiveCfg = Release|Any CPU
		{EE405D67-562E-480A-A4E5-DC1B30A7B9EF}.Release|Any CPU.Build.0 = Release|Any CPU
	EndGlobalSection
	GlobalSection(SolutionProperties) = preSolution
		HideSolutionNode = FALSE
	EndGlobalSection
EndGlobal
